
Microsoft Visual Studio Solution File, Format Version 11.00
# Visual Studio 2010
Project("{FAE04EC0-301F-11D3-BF4B-00C04F79EFBC}") = "OpenNETCF.ORM.FFx", "OpenNETCF.ORM\OpenNETCF.ORM.FFx.csproj", "{6E9C7DA3-AD60-4E44-9D3A-7BBD3A20D79F}"
EndProject
Project("{FAE04EC0-301F-11D3-BF4B-00C04F79EFBC}") = "OpenNETCF.ORM.SqlCe.FFx", "OpenNETCF.ORM.SqlCe\OpenNETCF.ORM.SqlCe.FFx.csproj", "{B63F2DF8-E247-402D-A250-2514EF4A08FD}"
EndProject
Project("{FAE04EC0-301F-11D3-BF4B-00C04F79EFBC}") = "EntityGenerator", "EntityGenerator\EntityGenerator.csproj", "{5BAFE144-30A1-4D9A-A267-1BEE62E45D2C}"
EndProject
Project("{2150E333-8FDC-42A3-9474-1A3956D46DE8}") = "Solution Items", "Solution Items", "{C64CCC7B-9F5F-4D99-8154-BDF0727FE98F}"
	ProjectSection(SolutionItems) = preProject
		Local.testsettings = Local.testsettings
		OpenNETCF.ORM.FFx.vsmdi = OpenNETCF.ORM.FFx.vsmdi
		TraceAndTestImpact.testsettings = TraceAndTestImpact.testsettings
	EndProjectSection
EndProject
Project("{FAE04EC0-301F-11D3-BF4B-00C04F79EFBC}") = "OpenNETCF.ORM.SQLite.FFx", "OpenNETCF.ORM.SQLite\OpenNETCF.ORM.SQLite.FFx.csproj", "{750ED0AF-FE89-4EFC-BF7A-C29CBDD8AA7F}"
EndProject
Project("{FAE04EC0-301F-11D3-BF4B-00C04F79EFBC}") = "OpenNETCF.ORM.SQLite.Integration.Test", "Tests\OpenNETCF.ORM.SQLite.Integration.Test\OpenNETCF.ORM.SQLite.Integration.Test.csproj", "{97A3ADC5-EED5-4BC8-BE5B-1FD8DF86A1C3}"
EndProject
Project("{FAE04EC0-301F-11D3-BF4B-00C04F79EFBC}") = "OpenNETCF.ORM.SqlCE.Integration.Test", "Tests\OpenNETCF.ORM.SqlCE.Integration.Test\OpenNETCF.ORM.SqlCE.Integration.Test.csproj", "{5A05D8DE-100E-4443-9FBA-BEA87A070732}"
EndProject
Project("{FAE04EC0-301F-11D3-BF4B-00C04F79EFBC}") = "OpenNETCF.ORM.Unit.Test", "Tests\OpenNETCF.ORM.Unit.Test\OpenNETCF.ORM.Unit.Test.csproj", "{DC2441D9-A0C3-4339-8437-4731B118A71C}"
EndProject
Project("{2150E333-8FDC-42A3-9474-1A3956D46DE8}") = "SQLCE", "SQLCE", "{6DFE61DC-E29D-4490-B673-87F334087934}"
EndProject
Project("{2150E333-8FDC-42A3-9474-1A3956D46DE8}") = "SQLite", "SQLite", "{46B57893-C73E-4F80-B05C-387AB94F65F4}"
EndProject
Project("{FAE04EC0-301F-11D3-BF4B-00C04F79EFBC}") = "OpenNETCF.ORM.SQLite.WinPhone", "OpenNETCF.ORM.SQLite\OpenNETCF.ORM.SQLite.WinPhone.csproj", "{C6814B71-2825-491A-9066-A989BC3ABFF6}"
EndProject
Project("{2150E333-8FDC-42A3-9474-1A3956D46DE8}") = "ORM Core", "ORM Core", "{94CC8703-9D3D-4F68-9EA0-D24E2D2349E4}"
EndProject
Project("{FAE04EC0-301F-11D3-BF4B-00C04F79EFBC}") = "OpenNETCF.ORM.WinPhone", "OpenNETCF.ORM\OpenNETCF.ORM.WinPhone.csproj", "{C52EC860-6119-4131-815B-4305DB3BFA95}"
EndProject
Project("{FAE04EC0-301F-11D3-BF4B-00C04F79EFBC}") = "OpenNETCF.ORM.Android", "OpenNETCF.ORM\OpenNETCF.ORM.Android.csproj", "{F4BE7A66-3E7B-4226-800F-4CABB7252DD1}"
EndProject
Project("{FAE04EC0-301F-11D3-BF4B-00C04F79EFBC}") = "OpenNETCF.ORM.SQLite.Android", "OpenNETCF.ORM.SQLite\OpenNETCF.ORM.SQLite.Android.csproj", "{8225AFAF-2FED-40C8-A602-0432AB17E2E1}"
EndProject
Global
	GlobalSection(TeamFoundationVersionControl) = preSolution
		SccNumberOfProjects = 12
		SccEnterpriseProvider = {4CA58AB2-18FA-4F8D-95D4-32DDF27D184C}
		SccTeamFoundationServer = https://tfs.codeplex.com/tfs/tfs01
		SccLocalPath0 = .
		SccProjectUniqueName1 = OpenNETCF.ORM.SqlCe\\OpenNETCF.ORM.SqlCe.FFx.csproj
		SccProjectTopLevelParentUniqueName1 = OpenNETCF.ORM.FFx.sln
		SccProjectName1 = OpenNETCF.ORM.SqlCe
		SccLocalPath1 = OpenNETCF.ORM.SqlCe
		SccProjectUniqueName2 = OpenNETCF.ORM\\OpenNETCF.ORM.FFx.csproj
		SccProjectTopLevelParentUniqueName2 = OpenNETCF.ORM.FFx.sln
		SccProjectName2 = OpenNETCF.ORM
		SccLocalPath2 = OpenNETCF.ORM
		SccProjectUniqueName3 = EntityGenerator\\EntityGenerator.csproj
		SccProjectName3 = EntityGenerator
		SccLocalPath3 = EntityGenerator
		SccProjectUniqueName4 = OpenNETCF.ORM.SQLite\\OpenNETCF.ORM.SQLite.FFx.csproj
		SccProjectTopLevelParentUniqueName4 = OpenNETCF.ORM.FFx.sln
		SccProjectName4 = OpenNETCF.ORM.SQLite
		SccLocalPath4 = OpenNETCF.ORM.SQLite
		SccProjectUniqueName5 = Tests\\OpenNETCF.ORM.SQLite.Integration.Test\\OpenNETCF.ORM.SQLite.Integration.Test.csproj
		SccProjectTopLevelParentUniqueName5 = OpenNETCF.ORM.FFx.sln
		SccProjectName5 = Tests/OpenNETCF.ORM.SQLite.Integration.Test
		SccLocalPath5 = Tests\\OpenNETCF.ORM.SQLite.Integration.Test
		SccProjectUniqueName6 = Tests\\OpenNETCF.ORM.SqlCE.Integration.Test\\OpenNETCF.ORM.SqlCE.Integration.Test.csproj
		SccProjectTopLevelParentUniqueName6 = OpenNETCF.ORM.FFx.sln
		SccProjectName6 = Tests/OpenNETCF.ORM.SqlCE.Integration.Test
		SccLocalPath6 = Tests\\OpenNETCF.ORM.SqlCE.Integration.Test
		SccProjectUniqueName7 = Tests\\OpenNETCF.ORM.Unit.Test\\OpenNETCF.ORM.Unit.Test.csproj
		SccProjectName7 = Tests/OpenNETCF.ORM.Unit.Test
		SccLocalPath7 = Tests\\OpenNETCF.ORM.Unit.Test
		SccProjectUniqueName8 = OpenNETCF.ORM.SQLite\\OpenNETCF.ORM.SQLite.WinPhone.csproj
		SccProjectTopLevelParentUniqueName8 = OpenNETCF.ORM.FFx.sln
		SccProjectName8 = OpenNETCF.ORM.SQLite
		SccLocalPath8 = OpenNETCF.ORM.SQLite
		SccProjectUniqueName9 = OpenNETCF.ORM\\OpenNETCF.ORM.WinPhone.csproj
		SccProjectTopLevelParentUniqueName9 = OpenNETCF.ORM.FFx.sln
		SccProjectName9 = OpenNETCF.ORM
		SccLocalPath9 = OpenNETCF.ORM
		SccProjectUniqueName10 = OpenNETCF.ORM\\OpenNETCF.ORM.Android.csproj
		SccProjectTopLevelParentUniqueName10 = OpenNETCF.ORM.FFx.sln
		SccProjectName10 = OpenNETCF.ORM
		SccLocalPath10 = OpenNETCF.ORM
		SccProjectUniqueName11 = OpenNETCF.ORM.SQLite\\OpenNETCF.ORM.SQLite.Android.csproj
		SccProjectTopLevelParentUniqueName11 = OpenNETCF.ORM.FFx.sln
		SccProjectName11 = OpenNETCF.ORM.SQLite
		SccLocalPath11 = OpenNETCF.ORM.SQLite
	EndGlobalSection
	GlobalSection(TestCaseManagementSettings) = postSolution
		CategoryFile = OpenNETCF.ORM.FFx.vsmdi
	EndGlobalSection
	GlobalSection(SolutionConfigurationPlatforms) = preSolution
		Debug|Any CPU = Debug|Any CPU
		Release|Any CPU = Release|Any CPU
	EndGlobalSection
	GlobalSection(ProjectConfigurationPlatforms) = postSolution
		{6E9C7DA3-AD60-4E44-9D3A-7BBD3A20D79F}.Debug|Any CPU.ActiveCfg = Debug|Any CPU
		{6E9C7DA3-AD60-4E44-9D3A-7BBD3A20D79F}.Debug|Any CPU.Build.0 = Debug|Any CPU
		{6E9C7DA3-AD60-4E44-9D3A-7BBD3A20D79F}.Release|Any CPU.ActiveCfg = Release|Any CPU
		{6E9C7DA3-AD60-4E44-9D3A-7BBD3A20D79F}.Release|Any CPU.Build.0 = Release|Any CPU
		{B63F2DF8-E247-402D-A250-2514EF4A08FD}.Debug|Any CPU.ActiveCfg = Debug|Any CPU
		{B63F2DF8-E247-402D-A250-2514EF4A08FD}.Debug|Any CPU.Build.0 = Debug|Any CPU
		{B63F2DF8-E247-402D-A250-2514EF4A08FD}.Release|Any CPU.ActiveCfg = Release|Any CPU
		{B63F2DF8-E247-402D-A250-2514EF4A08FD}.Release|Any CPU.Build.0 = Release|Any CPU
		{5BAFE144-30A1-4D9A-A267-1BEE62E45D2C}.Debug|Any CPU.ActiveCfg = Debug|Any CPU
		{5BAFE144-30A1-4D9A-A267-1BEE62E45D2C}.Debug|Any CPU.Build.0 = Debug|Any CPU
		{5BAFE144-30A1-4D9A-A267-1BEE62E45D2C}.Release|Any CPU.ActiveCfg = Release|Any CPU
		{5BAFE144-30A1-4D9A-A267-1BEE62E45D2C}.Release|Any CPU.Build.0 = Release|Any CPU
		{750ED0AF-FE89-4EFC-BF7A-C29CBDD8AA7F}.Debug|Any CPU.ActiveCfg = Debug|Any CPU
		{750ED0AF-FE89-4EFC-BF7A-C29CBDD8AA7F}.Debug|Any CPU.Build.0 = Debug|Any CPU
		{750ED0AF-FE89-4EFC-BF7A-C29CBDD8AA7F}.Release|Any CPU.ActiveCfg = Release|Any CPU
		{750ED0AF-FE89-4EFC-BF7A-C29CBDD8AA7F}.Release|Any CPU.Build.0 = Release|Any CPU
		{97A3ADC5-EED5-4BC8-BE5B-1FD8DF86A1C3}.Debug|Any CPU.ActiveCfg = Debug|Any CPU
		{97A3ADC5-EED5-4BC8-BE5B-1FD8DF86A1C3}.Debug|Any CPU.Build.0 = Debug|Any CPU
		{97A3ADC5-EED5-4BC8-BE5B-1FD8DF86A1C3}.Release|Any CPU.ActiveCfg = Release|Any CPU
		{97A3ADC5-EED5-4BC8-BE5B-1FD8DF86A1C3}.Release|Any CPU.Build.0 = Release|Any CPU
		{5A05D8DE-100E-4443-9FBA-BEA87A070732}.Debug|Any CPU.ActiveCfg = Debug|Any CPU
		{5A05D8DE-100E-4443-9FBA-BEA87A070732}.Debug|Any CPU.Build.0 = Debug|Any CPU
		{5A05D8DE-100E-4443-9FBA-BEA87A070732}.Release|Any CPU.ActiveCfg = Release|Any CPU
		{5A05D8DE-100E-4443-9FBA-BEA87A070732}.Release|Any CPU.Build.0 = Release|Any CPU
		{DC2441D9-A0C3-4339-8437-4731B118A71C}.Debug|Any CPU.ActiveCfg = Debug|Any CPU
		{DC2441D9-A0C3-4339-8437-4731B118A71C}.Debug|Any CPU.Build.0 = Debug|Any CPU
		{DC2441D9-A0C3-4339-8437-4731B118A71C}.Release|Any CPU.ActiveCfg = Release|Any CPU
		{DC2441D9-A0C3-4339-8437-4731B118A71C}.Release|Any CPU.Build.0 = Release|Any CPU
		{C6814B71-2825-491A-9066-A989BC3ABFF6}.Debug|Any CPU.ActiveCfg = Debug|Any CPU
		{C6814B71-2825-491A-9066-A989BC3ABFF6}.Debug|Any CPU.Build.0 = Debug|Any CPU
		{C6814B71-2825-491A-9066-A989BC3ABFF6}.Release|Any CPU.ActiveCfg = Release|Any CPU
		{C6814B71-2825-491A-9066-A989BC3ABFF6}.Release|Any CPU.Build.0 = Release|Any CPU
		{C52EC860-6119-4131-815B-4305DB3BFA95}.Debug|Any CPU.ActiveCfg = Debug|Any CPU
		{C52EC860-6119-4131-815B-4305DB3BFA95}.Debug|Any CPU.Build.0 = Debug|Any CPU
		{C52EC860-6119-4131-815B-4305DB3BFA95}.Release|Any CPU.ActiveCfg = Release|Any CPU
		{C52EC860-6119-4131-815B-4305DB3BFA95}.Release|Any CPU.Build.0 = Release|Any CPU
		{F4BE7A66-3E7B-4226-800F-4CABB7252DD1}.Debug|Any CPU.ActiveCfg = Debug|Any CPU
		{F4BE7A66-3E7B-4226-800F-4CABB7252DD1}.Debug|Any CPU.Build.0 = Debug|Any CPU
		{F4BE7A66-3E7B-4226-800F-4CABB7252DD1}.Release|Any CPU.ActiveCfg = Release|Any CPU
		{F4BE7A66-3E7B-4226-800F-4CABB7252DD1}.Release|Any CPU.Build.0 = Release|Any CPU
		{8225AFAF-2FED-40C8-A602-0432AB17E2E1}.Debug|Any CPU.ActiveCfg = Debug|Any CPU
		{8225AFAF-2FED-40C8-A602-0432AB17E2E1}.Debug|Any CPU.Build.0 = Debug|Any CPU
		{8225AFAF-2FED-40C8-A602-0432AB17E2E1}.Release|Any CPU.ActiveCfg = Release|Any CPU
		{8225AFAF-2FED-40C8-A602-0432AB17E2E1}.Release|Any CPU.Build.0 = Release|Any CPU
	EndGlobalSection
	GlobalSection(SolutionProperties) = preSolution
		HideSolutionNode = FALSE
	EndGlobalSection
	GlobalSection(NestedProjects) = preSolution
		{6E9C7DA3-AD60-4E44-9D3A-7BBD3A20D79F} = {94CC8703-9D3D-4F68-9EA0-D24E2D2349E4}
		{C52EC860-6119-4131-815B-4305DB3BFA95} = {94CC8703-9D3D-4F68-9EA0-D24E2D2349E4}
		{F4BE7A66-3E7B-4226-800F-4CABB7252DD1} = {94CC8703-9D3D-4F68-9EA0-D24E2D2349E4}
		{5A05D8DE-100E-4443-9FBA-BEA87A070732} = {6DFE61DC-E29D-4490-B673-87F334087934}
		{B63F2DF8-E247-402D-A250-2514EF4A08FD} = {6DFE61DC-E29D-4490-B673-87F334087934}
		{97A3ADC5-EED5-4BC8-BE5B-1FD8DF86A1C3} = {46B57893-C73E-4F80-B05C-387AB94F65F4}
		{750ED0AF-FE89-4EFC-BF7A-C29CBDD8AA7F} = {46B57893-C73E-4F80-B05C-387AB94F65F4}
		{C6814B71-2825-491A-9066-A989BC3ABFF6} = {46B57893-C73E-4F80-B05C-387AB94F65F4}
		{8225AFAF-2FED-40C8-A602-0432AB17E2E1} = {46B57893-C73E-4F80-B05C-387AB94F65F4}
	EndGlobalSection
EndGlobal
