
Microsoft Visual Studio Solution File, Format Version 11.00
# Visual Studio 2010
Project("{FAE04EC0-301F-11D3-BF4B-00C04F79EFBC}") = "OpenNETCF.ORM.WinPhone", "OpenNETCF.ORM\OpenNETCF.ORM.WinPhone.csproj", "{C52EC860-6119-4131-815B-4305DB3BFA95}"
EndProject
Global
	GlobalSection(TeamFoundationVersionControl) = preSolution
		SccNumberOfProjects = 2
		SccEnterpriseProvider = {4CA58AB2-18FA-4F8D-95D4-32DDF27D184C}
		SccTeamFoundationServer = https://tfs.codeplex.com/tfs/tfs01
		SccLocalPath0 = .
		SccProjectUniqueName1 = OpenNETCF.ORM\\OpenNETCF.ORM.WinPhone.csproj
		SccProjectName1 = OpenNETCF.ORM
		SccLocalPath1 = OpenNETCF.ORM
	EndGlobalSection
	GlobalSection(SolutionConfigurationPlatforms) = preSolution
		Debug|Any CPU = Debug|Any CPU
		Release|Any CPU = Release|Any CPU
	EndGlobalSection
	GlobalSection(ProjectConfigurationPlatforms) = postSolution
		{C52EC860-6119-4131-815B-4305DB3BFA95}.Debug|Any CPU.ActiveCfg = Debug|Any CPU
		{C52EC860-6119-4131-815B-4305DB3BFA95}.Debug|Any CPU.Build.0 = Debug|Any CPU
		{C52EC860-6119-4131-815B-4305DB3BFA95}.Release|Any CPU.ActiveCfg = Release|Any CPU
		{C52EC860-6119-4131-815B-4305DB3BFA95}.Release|Any CPU.Build.0 = Release|Any CPU
	EndGlobalSection
	GlobalSection(SolutionProperties) = preSolution
		HideSolutionNode = FALSE
	EndGlobalSection
EndGlobal
