
Microsoft Visual Studio Solution File, Format Version 12.00
# Visual Studio 14
VisualStudioVersion = 14.0.25420.1
MinimumVisualStudioVersion = 10.0.40219.1
Project("{FAE04EC0-301F-11D3-BF4B-00C04F79EFBC}") = "OpenNETCF.ORM.FFx", "Core\OpenNETCF.ORM.FFx.csproj", "{6E9C7DA3-AD60-4E44-9D3A-7BBD3A20D79F}"
EndProject
Project("{2150E333-8FDC-42A3-9474-1A3956D46DE8}") = "Solution Items", "Solution Items", "{C64CCC7B-9F5F-4D99-8154-BDF0727FE98F}"
	ProjectSection(SolutionItems) = preProject
		Local.testsettings = Local.testsettings
		OpenNETCF.ORM.FFx.vsmdi = OpenNETCF.ORM.FFx.vsmdi
		OpenNETCF.ORM\SqlDateTimeDefault.cs = OpenNETCF.ORM\SqlDateTimeDefault.cs
		TraceAndTestImpact.testsettings = TraceAndTestImpact.testsettings
	EndProjectSection
EndProject
Project("{FAE04EC0-301F-11D3-BF4B-00C04F79EFBC}") = "OpenNETCF.ORM.SQLite.FFx", "SQLite\OpenNETCF.ORM.SQLite.FFx.csproj", "{750ED0AF-FE89-4EFC-BF7A-C29CBDD8AA7F}"
EndProject
Project("{FAE04EC0-301F-11D3-BF4B-00C04F79EFBC}") = "OpenNETCF.ORM.SQLite.Integration.Test", "Tests\OpenNETCF.ORM.SQLite.Integration.Test\OpenNETCF.ORM.SQLite.Integration.Test.csproj", "{97A3ADC5-EED5-4BC8-BE5B-1FD8DF86A1C3}"
EndProject
Project("{2150E333-8FDC-42A3-9474-1A3956D46DE8}") = "SQLite", "SQLite", "{46B57893-C73E-4F80-B05C-387AB94F65F4}"
EndProject
Project("{2150E333-8FDC-42A3-9474-1A3956D46DE8}") = "ORM Core", "ORM Core", "{94CC8703-9D3D-4F68-9EA0-D24E2D2349E4}"
EndProject
Project("{FAE04EC0-301F-11D3-BF4B-00C04F79EFBC}") = "SQLiteNorthwind", "Samples\SQLiteNorthwind\SQLiteNorthwind.csproj", "{F2D73EF5-F9AC-4926-8847-40393D641AF0}"
EndProject
Global
	GlobalSection(SolutionConfigurationPlatforms) = preSolution
		Debug|Any CPU = Debug|Any CPU
		Debug|Mixed Platforms = Debug|Mixed Platforms
		Debug|x86 = Debug|x86
		Release|Any CPU = Release|Any CPU
		Release|Mixed Platforms = Release|Mixed Platforms
		Release|x86 = Release|x86
	EndGlobalSection
	GlobalSection(ProjectConfigurationPlatforms) = postSolution
		{6E9C7DA3-AD60-4E44-9D3A-7BBD3A20D79F}.Debug|Any CPU.ActiveCfg = Debug|Any CPU
		{6E9C7DA3-AD60-4E44-9D3A-7BBD3A20D79F}.Debug|Any CPU.Build.0 = Debug|Any CPU
		{6E9C7DA3-AD60-4E44-9D3A-7BBD3A20D79F}.Debug|Mixed Platforms.ActiveCfg = Debug|Any CPU
		{6E9C7DA3-AD60-4E44-9D3A-7BBD3A20D79F}.Debug|Mixed Platforms.Build.0 = Debug|Any CPU
		{6E9C7DA3-AD60-4E44-9D3A-7BBD3A20D79F}.Debug|x86.ActiveCfg = Debug|Any CPU
		{6E9C7DA3-AD60-4E44-9D3A-7BBD3A20D79F}.Release|Any CPU.ActiveCfg = Release|Any CPU
		{6E9C7DA3-AD60-4E44-9D3A-7BBD3A20D79F}.Release|Any CPU.Build.0 = Release|Any CPU
		{6E9C7DA3-AD60-4E44-9D3A-7BBD3A20D79F}.Release|Mixed Platforms.ActiveCfg = Release|Any CPU
		{6E9C7DA3-AD60-4E44-9D3A-7BBD3A20D79F}.Release|Mixed Platforms.Build.0 = Release|Any CPU
		{6E9C7DA3-AD60-4E44-9D3A-7BBD3A20D79F}.Release|x86.ActiveCfg = Release|Any CPU
		{750ED0AF-FE89-4EFC-BF7A-C29CBDD8AA7F}.Debug|Any CPU.ActiveCfg = Debug|Any CPU
		{750ED0AF-FE89-4EFC-BF7A-C29CBDD8AA7F}.Debug|Any CPU.Build.0 = Debug|Any CPU
		{750ED0AF-FE89-4EFC-BF7A-C29CBDD8AA7F}.Debug|Mixed Platforms.ActiveCfg = Debug|Any CPU
		{750ED0AF-FE89-4EFC-BF7A-C29CBDD8AA7F}.Debug|Mixed Platforms.Build.0 = Debug|Any CPU
		{750ED0AF-FE89-4EFC-BF7A-C29CBDD8AA7F}.Debug|x86.ActiveCfg = Debug|Any CPU
		{750ED0AF-FE89-4EFC-BF7A-C29CBDD8AA7F}.Release|Any CPU.ActiveCfg = Release|Any CPU
		{750ED0AF-FE89-4EFC-BF7A-C29CBDD8AA7F}.Release|Any CPU.Build.0 = Release|Any CPU
		{750ED0AF-FE89-4EFC-BF7A-C29CBDD8AA7F}.Release|Mixed Platforms.ActiveCfg = Release|Any CPU
		{750ED0AF-FE89-4EFC-BF7A-C29CBDD8AA7F}.Release|Mixed Platforms.Build.0 = Release|Any CPU
		{750ED0AF-FE89-4EFC-BF7A-C29CBDD8AA7F}.Release|x86.ActiveCfg = Release|Any CPU
		{97A3ADC5-EED5-4BC8-BE5B-1FD8DF86A1C3}.Debug|Any CPU.ActiveCfg = Debug|Any CPU
		{97A3ADC5-EED5-4BC8-BE5B-1FD8DF86A1C3}.Debug|Any CPU.Build.0 = Debug|Any CPU
		{97A3ADC5-EED5-4BC8-BE5B-1FD8DF86A1C3}.Debug|Mixed Platforms.ActiveCfg = Debug|Any CPU
		{97A3ADC5-EED5-4BC8-BE5B-1FD8DF86A1C3}.Debug|Mixed Platforms.Build.0 = Debug|Any CPU
		{97A3ADC5-EED5-4BC8-BE5B-1FD8DF86A1C3}.Debug|x86.ActiveCfg = Debug|Any CPU
		{97A3ADC5-EED5-4BC8-BE5B-1FD8DF86A1C3}.Release|Any CPU.ActiveCfg = Release|Any CPU
		{97A3ADC5-EED5-4BC8-BE5B-1FD8DF86A1C3}.Release|Any CPU.Build.0 = Release|Any CPU
		{97A3ADC5-EED5-4BC8-BE5B-1FD8DF86A1C3}.Release|Mixed Platforms.ActiveCfg = Release|Any CPU
		{97A3ADC5-EED5-4BC8-BE5B-1FD8DF86A1C3}.Release|Mixed Platforms.Build.0 = Release|Any CPU
		{97A3ADC5-EED5-4BC8-BE5B-1FD8DF86A1C3}.Release|x86.ActiveCfg = Release|Any CPU
		{F2D73EF5-F9AC-4926-8847-40393D641AF0}.Debug|Any CPU.ActiveCfg = Debug|x86
		{F2D73EF5-F9AC-4926-8847-40393D641AF0}.Debug|Mixed Platforms.ActiveCfg = Debug|x86
		{F2D73EF5-F9AC-4926-8847-40393D641AF0}.Debug|Mixed Platforms.Build.0 = Debug|x86
		{F2D73EF5-F9AC-4926-8847-40393D641AF0}.Debug|x86.ActiveCfg = Debug|x86
		{F2D73EF5-F9AC-4926-8847-40393D641AF0}.Debug|x86.Build.0 = Debug|x86
		{F2D73EF5-F9AC-4926-8847-40393D641AF0}.Release|Any CPU.ActiveCfg = Release|x86
		{F2D73EF5-F9AC-4926-8847-40393D641AF0}.Release|Mixed Platforms.ActiveCfg = Release|x86
		{F2D73EF5-F9AC-4926-8847-40393D641AF0}.Release|Mixed Platforms.Build.0 = Release|x86
		{F2D73EF5-F9AC-4926-8847-40393D641AF0}.Release|x86.ActiveCfg = Release|x86
		{F2D73EF5-F9AC-4926-8847-40393D641AF0}.Release|x86.Build.0 = Release|x86
	EndGlobalSection
	GlobalSection(SolutionProperties) = preSolution
		HideSolutionNode = FALSE
	EndGlobalSection
	GlobalSection(NestedProjects) = preSolution
		{6E9C7DA3-AD60-4E44-9D3A-7BBD3A20D79F} = {94CC8703-9D3D-4F68-9EA0-D24E2D2349E4}
		{750ED0AF-FE89-4EFC-BF7A-C29CBDD8AA7F} = {46B57893-C73E-4F80-B05C-387AB94F65F4}
		{97A3ADC5-EED5-4BC8-BE5B-1FD8DF86A1C3} = {46B57893-C73E-4F80-B05C-387AB94F65F4}
		{F2D73EF5-F9AC-4926-8847-40393D641AF0} = {46B57893-C73E-4F80-B05C-387AB94F65F4}
	EndGlobalSection
	GlobalSection(TestCaseManagementSettings) = postSolution
		CategoryFile = OpenNETCF.ORM.FFx.vsmdi
	EndGlobalSection
EndGlobal
