
Microsoft Visual Studio Solution File, Format Version 11.00
# Visual Studio 2010
Project("{FAE04EC0-301F-11D3-BF4B-00C04F79EFBC}") = "OpenNETCF.ORM.FFx", "OpenNETCF.ORM\OpenNETCF.ORM.FFx.csproj", "{6E9C7DA3-AD60-4E44-9D3A-7BBD3A20D79F}"
EndProject
Project("{FAE04EC0-301F-11D3-BF4B-00C04F79EFBC}") = "OpenNETCF.ORM.SqlCe.FFx", "OpenNETCF.ORM.SqlCe\OpenNETCF.ORM.SqlCe.FFx.csproj", "{B63F2DF8-E247-402D-A250-2514EF4A08FD}"
EndProject
Project("{FAE04EC0-301F-11D3-BF4B-00C04F79EFBC}") = "EntityGenerator", "EntityGenerator\EntityGenerator.csproj", "{5BAFE144-30A1-4D9A-A267-1BEE62E45D2C}"
EndProject
Global
	GlobalSection(TeamFoundationVersionControl) = preSolution
		SccNumberOfProjects = 4
		SccEnterpriseProvider = {4CA58AB2-18FA-4F8D-95D4-32DDF27D184C}
		SccTeamFoundationServer = https://tfs.codeplex.com/tfs/tfs01
		SccLocalPath0 = .
		SccProjectUniqueName1 = OpenNETCF.ORM.SqlCe\\OpenNETCF.ORM.SqlCe.FFx.csproj
		SccProjectName1 = OpenNETCF.ORM.SqlCe
		SccLocalPath1 = OpenNETCF.ORM.SqlCe
		SccProjectUniqueName2 = OpenNETCF.ORM\\OpenNETCF.ORM.FFx.csproj
		SccProjectName2 = OpenNETCF.ORM
		SccLocalPath2 = OpenNETCF.ORM
		SccProjectUniqueName3 = EntityGenerator\\EntityGenerator.csproj
		SccProjectName3 = EntityGenerator
		SccLocalPath3 = EntityGenerator
	EndGlobalSection
	GlobalSection(SolutionConfigurationPlatforms) = preSolution
		Debug|Any CPU = Debug|Any CPU
		Release|Any CPU = Release|Any CPU
	EndGlobalSection
	GlobalSection(ProjectConfigurationPlatforms) = postSolution
		{6E9C7DA3-AD60-4E44-9D3A-7BBD3A20D79F}.Debug|Any CPU.ActiveCfg = Debug|Any CPU
		{6E9C7DA3-AD60-4E44-9D3A-7BBD3A20D79F}.Debug|Any CPU.Build.0 = Debug|Any CPU
		{6E9C7DA3-AD60-4E44-9D3A-7BBD3A20D79F}.Release|Any CPU.ActiveCfg = Release|Any CPU
		{6E9C7DA3-AD60-4E44-9D3A-7BBD3A20D79F}.Release|Any CPU.Build.0 = Release|Any CPU
		{B63F2DF8-E247-402D-A250-2514EF4A08FD}.Debug|Any CPU.ActiveCfg = Debug|Any CPU
		{B63F2DF8-E247-402D-A250-2514EF4A08FD}.Debug|Any CPU.Build.0 = Debug|Any CPU
		{B63F2DF8-E247-402D-A250-2514EF4A08FD}.Release|Any CPU.ActiveCfg = Release|Any CPU
		{B63F2DF8-E247-402D-A250-2514EF4A08FD}.Release|Any CPU.Build.0 = Release|Any CPU
		{5BAFE144-30A1-4D9A-A267-1BEE62E45D2C}.Debug|Any CPU.ActiveCfg = Debug|Any CPU
		{5BAFE144-30A1-4D9A-A267-1BEE62E45D2C}.Debug|Any CPU.Build.0 = Debug|Any CPU
		{5BAFE144-30A1-4D9A-A267-1BEE62E45D2C}.Release|Any CPU.ActiveCfg = Release|Any CPU
		{5BAFE144-30A1-4D9A-A267-1BEE62E45D2C}.Release|Any CPU.Build.0 = Release|Any CPU
	EndGlobalSection
	GlobalSection(SolutionProperties) = preSolution
		HideSolutionNode = FALSE
	EndGlobalSection
EndGlobal
