
Microsoft Visual Studio Solution File, Format Version 10.00
# Visual Studio 2008
Project("{FAE04EC0-301F-11D3-BF4B-00C04F79EFBC}") = "OpenNETCF.ORM.CF", "OpenNETCF.ORM\OpenNETCF.ORM.CF.csproj", "{2D0EA40A-5C80-4477-A901-7648E57BA749}"
EndProject
Project("{FAE04EC0-301F-11D3-BF4B-00C04F79EFBC}") = "OpenNETCF.ORM.SqlCe.CF", "OpenNETCF.ORM.SqlCe\OpenNETCF.ORM.SqlCe.CF.csproj", "{C0AFC215-58D2-4C3E-A8BC-5671A8E01EC7}"
EndProject
Project("{FAE04EC0-301F-11D3-BF4B-00C04F79EFBC}") = "OpenNETCF.ORM.Test.CF", "Tests\OpenNETCF.ORM.Test\OpenNETCF.ORM.Test.CF.csproj", "{E40B4449-F45C-48BB-8141-330AFDA0AABB}"
EndProject
Project("{2150E333-8FDC-42A3-9474-1A3956D46DE8}") = "Core", "Core", "{4DD69911-3E41-4222-9813-1843A9C583FB}"
EndProject
Project("{2150E333-8FDC-42A3-9474-1A3956D46DE8}") = "Implementations", "Implementations", "{4EDC816A-1CE8-460D-B1BA-555B2189B753}"
EndProject
Project("{2150E333-8FDC-42A3-9474-1A3956D46DE8}") = "Tests and Samples", "Tests and Samples", "{1E20BBD4-8142-4BE7-B5F9-5061B88CB61F}"
EndProject
Project("{FAE04EC0-301F-11D3-BF4B-00C04F79EFBC}") = "OpenNETCF.ORM.SQLite.CF", "OpenNETCF.ORM.SQLite\OpenNETCF.ORM.SQLite.CF.csproj", "{902690F8-0D24-40A4-B0B8-AD69859081BB}"
EndProject
Global
	GlobalSection(TeamFoundationVersionControl) = preSolution
		SccNumberOfProjects = 5
		SccEnterpriseProvider = {4CA58AB2-18FA-4F8D-95D4-32DDF27D184C}
		SccTeamFoundationServer = https://tfs.codeplex.com/tfs/tfs01
		SccLocalPath0 = .
		SccProjectUniqueName1 = OpenNETCF.ORM\\OpenNETCF.ORM.CF.csproj
		SccProjectTopLevelParentUniqueName1 = OpenNETCF.ORM.CF.sln
		SccProjectName1 = OpenNETCF.ORM
		SccLocalPath1 = OpenNETCF.ORM
		SccProjectUniqueName2 = OpenNETCF.ORM.SqlCe\\OpenNETCF.ORM.SqlCe.CF.csproj
		SccProjectTopLevelParentUniqueName2 = OpenNETCF.ORM.CF.sln
		SccProjectName2 = OpenNETCF.ORM.SqlCe
		SccLocalPath2 = OpenNETCF.ORM.SqlCe
		SccProjectUniqueName3 = OpenNETCF.ORM.SQLite\\OpenNETCF.ORM.SQLite.CF.csproj
		SccProjectTopLevelParentUniqueName3 = OpenNETCF.ORM.CF.sln
		SccProjectName3 = OpenNETCF.ORM.SQLite
		SccLocalPath3 = OpenNETCF.ORM.SQLite
		SccProjectUniqueName4 = Tests\\OpenNETCF.ORM.Test\\OpenNETCF.ORM.Test.CF.csproj
		SccProjectTopLevelParentUniqueName4 = OpenNETCF.ORM.CF.sln
		SccProjectName4 = Tests/OpenNETCF.ORM.Test
		SccLocalPath4 = Tests\\OpenNETCF.ORM.Test
	EndGlobalSection
	GlobalSection(SolutionConfigurationPlatforms) = preSolution
		Debug|Any CPU = Debug|Any CPU
		Release|Any CPU = Release|Any CPU
	EndGlobalSection
	GlobalSection(ProjectConfigurationPlatforms) = postSolution
		{2D0EA40A-5C80-4477-A901-7648E57BA749}.Debug|Any CPU.ActiveCfg = Debug|Any CPU
		{2D0EA40A-5C80-4477-A901-7648E57BA749}.Debug|Any CPU.Build.0 = Debug|Any CPU
		{2D0EA40A-5C80-4477-A901-7648E57BA749}.Release|Any CPU.ActiveCfg = Release|Any CPU
		{2D0EA40A-5C80-4477-A901-7648E57BA749}.Release|Any CPU.Build.0 = Release|Any CPU
		{C0AFC215-58D2-4C3E-A8BC-5671A8E01EC7}.Debug|Any CPU.ActiveCfg = Debug|Any CPU
		{C0AFC215-58D2-4C3E-A8BC-5671A8E01EC7}.Debug|Any CPU.Build.0 = Debug|Any CPU
		{C0AFC215-58D2-4C3E-A8BC-5671A8E01EC7}.Release|Any CPU.ActiveCfg = Release|Any CPU
		{C0AFC215-58D2-4C3E-A8BC-5671A8E01EC7}.Release|Any CPU.Build.0 = Release|Any CPU
		{E40B4449-F45C-48BB-8141-330AFDA0AABB}.Debug|Any CPU.ActiveCfg = Debug|Any CPU
		{E40B4449-F45C-48BB-8141-330AFDA0AABB}.Debug|Any CPU.Build.0 = Debug|Any CPU
		{E40B4449-F45C-48BB-8141-330AFDA0AABB}.Debug|Any CPU.Deploy.0 = Debug|Any CPU
		{E40B4449-F45C-48BB-8141-330AFDA0AABB}.Release|Any CPU.ActiveCfg = Release|Any CPU
		{E40B4449-F45C-48BB-8141-330AFDA0AABB}.Release|Any CPU.Build.0 = Release|Any CPU
		{E40B4449-F45C-48BB-8141-330AFDA0AABB}.Release|Any CPU.Deploy.0 = Release|Any CPU
		{902690F8-0D24-40A4-B0B8-AD69859081BB}.Debug|Any CPU.ActiveCfg = Debug|Any CPU
		{902690F8-0D24-40A4-B0B8-AD69859081BB}.Debug|Any CPU.Build.0 = Debug|Any CPU
		{902690F8-0D24-40A4-B0B8-AD69859081BB}.Release|Any CPU.ActiveCfg = Release|Any CPU
		{902690F8-0D24-40A4-B0B8-AD69859081BB}.Release|Any CPU.Build.0 = Release|Any CPU
	EndGlobalSection
	GlobalSection(SolutionProperties) = preSolution
		HideSolutionNode = FALSE
	EndGlobalSection
	GlobalSection(NestedProjects) = preSolution
		{2D0EA40A-5C80-4477-A901-7648E57BA749} = {4DD69911-3E41-4222-9813-1843A9C583FB}
		{C0AFC215-58D2-4C3E-A8BC-5671A8E01EC7} = {4EDC816A-1CE8-460D-B1BA-555B2189B753}
		{902690F8-0D24-40A4-B0B8-AD69859081BB} = {4EDC816A-1CE8-460D-B1BA-555B2189B753}
		{E40B4449-F45C-48BB-8141-330AFDA0AABB} = {1E20BBD4-8142-4BE7-B5F9-5061B88CB61F}
	EndGlobalSection
EndGlobal
